# Code generated by scarb DO NOT EDIT.
version = 1

[[package]]
name = "alexandria_data_structures"
version = "0.1.0"
source = "git+https://github.com/keep-starknet-strange/alexandria.git?rev=46c8d8ab9e3bfb68b70a29b3246f809cd8bf70e4#46c8d8ab9e3bfb68b70a29b3246f809cd8bf70e4"

[[package]]
name = "dojo"
version = "0.3.3"
source = "git+https://github.com/dojoengine/dojo.git?tag=v0.3.3#3c9f109e667ca5d12739e6553fdb8261378f4ecf"
dependencies = [
 "dojo_plugin",
]

[[package]]
name = "dojo_plugin"
version = "0.3.6"

[[package]]
name = "zrisk"
version = "0.1.0"
dependencies = [
 "alexandria_data_structures",
 "dojo",
]
