# Code generated by scarb DO NOT EDIT.
version = 1

[[package]]
name = "alexandria_data_structures"
version = "0.1.0"
source = "git+https://github.com/keep-starknet-strange/alexandria?rev=d32162a#d32162a1bbf5b7c8220d7858ebec7837c50ffbb3"
dependencies = [
 "alexandria_encoding",
]

[[package]]
name = "alexandria_encoding"
version = "0.1.0"
source = "git+https://github.com/keep-starknet-strange/alexandria?rev=d32162a#d32162a1bbf5b7c8220d7858ebec7837c50ffbb3"
dependencies = [
 "alexandria_math",
]

[[package]]
name = "alexandria_math"
version = "0.2.0"
source = "git+https://github.com/keep-starknet-strange/alexandria?rev=d32162a#d32162a1bbf5b7c8220d7858ebec7837c50ffbb3"
dependencies = [
 "alexandria_data_structures",
]

[[package]]
name = "cubit"
version = "1.2.0"
source = "git+https://github.com/influenceth/cubit?rev=b459053#b4590530d5aeae9aabd36740cc2a3d9e6adc5fde"

[[package]]
name = "dojo"
version = "0.3.14"
source = "git+https://github.com/dojoengine/dojo?tag=v0.3.14#d7e9788459f3b2e797b6565f1057c96a6f5f8cc2"
dependencies = [
 "dojo_plugin",
]

[[package]]
name = "dojo_plugin"
version = "0.3.11"
source = "git+https://github.com/dojoengine/dojo?tag=v0.3.11#1e651b5d4d3b79b14a7d8aa29a92062fcb9e6659"

[[package]]
name = "origami"
version = "0.0.0"
source = "git+https://github.com/dojoengine/origami?rev=096d28a#096d28a09da6050e0535e179af9e4c128bb6b1c3"
dependencies = [
 "cubit",
 "dojo",
]

[[package]]
name = "zconqueror"
version = "0.1.0"
dependencies = [
 "alexandria_data_structures",
 "dojo",
 "origami",
]
